// !$*UTF8*$!
{
	archiveVersion = 1;
	classes = {
	};
	objectVersion = 46;
	objects = {

/* Begin PBXBuildFile section */
		D378C98A1E21915400888763 /* AppDelegate.swift in Sources */ = {isa = PBXBuildFile; fileRef = D378C9891E21915400888763 /* AppDelegate.swift */; };
		D378C98C1E21915400888763 /* ViewController.swift in Sources */ = {isa = PBXBuildFile; fileRef = D378C98B1E21915400888763 /* ViewController.swift */; };
		D378C98F1E21915400888763 /* Main.storyboard in Resources */ = {isa = PBXBuildFile; fileRef = D378C98D1E21915400888763 /* Main.storyboard */; };
		D378C9911E21915400888763 /* Assets.xcassets in Resources */ = {isa = PBXBuildFile; fileRef = D378C9901E21915400888763 /* Assets.xcassets */; };
		D378C9941E21915400888763 /* LaunchScreen.storyboard in Resources */ = {isa = PBXBuildFile; fileRef = D378C9921E21915400888763 /* LaunchScreen.storyboard */; };
/* End PBXBuildFile section */

/* Begin PBXFileReference section */
		D378C9861E21915400888763 /* SwiftKeyboardVisibility.app */ = {isa = PBXFileReference; explicitFileType = wrapper.application; includeInIndex = 0; path = SwiftKeyboardVisibility.app; sourceTree = BUILT_PRODUCTS_DIR; };
		D378C9891E21915400888763 /* AppDelegate.swift */ = {isa = PBXFileReference; lastKnownFileType = sourcecode.swift; path = AppDelegate.swift; sourceTree = "<group>"; };
		D378C98B1E21915400888763 /* ViewController.swift */ = {isa = PBXFileReference; lastKnownFileType = sourcecode.swift; path = ViewController.swift; sourceTree = "<group>"; };
		D378C98E1E21915400888763 /* Base */ = {isa = PBXFileReference; lastKnownFileType = file.storyboard; name = Base; path = Base.lproj/Main.storyboard; sourceTree = "<group>"; };
		D378C9901E21915400888763 /* Assets.xcassets */ = {isa = PBXFileReference; lastKnownFileType = folder.assetcatalog; path = Assets.xcassets; sourceTree = "<group>"; };
		D378C9931E21915400888763 /* Base */ = {isa = PBXFileReference; lastKnownFileType = file.storyboard; name = Base; path = Base.lproj/LaunchScreen.storyboard; sourceTree = "<group>"; };
		D378C9951E21915400888763 /* Info.plist */ = {isa = PBXFileReference; lastKnownFileType = text.plist.xml; path = Info.plist; sourceTree = "<group>"; };
/* End PBXFileReference section */

/* Begin PBXFrameworksBuildPhase section */
		D378C9831E21915400888763 /* Frameworks */ = {
			isa = PBXFrameworksBuildPhase;
			buildActionMask = 2147483647;
			files = (
			);
			runOnlyForDeploymentPostprocessing = 0;
		};
/* End PBXFrameworksBuildPhase section */

/* Begin PBXGroup section */
		D378C97D1E21915400888763 = {
			isa = PBXGroup;
			children = (
				D378C9881E21915400888763 /* SwiftKeyboardVisibility */,
				D378C9871E21915400888763 /* Products */,
			);
			sourceTree = "<group>";
		};
		D378C9871E21915400888763 /* Products */ = {
			isa = PBXGroup;
			children = (
				D378C9861E21915400888763 /* SwiftKeyboardVisibility.app */,
			);
			name = Products;
			sourceTree = "<group>";
		};
		D378C9881E21915400888763 /* SwiftKeyboardVisibility */ = {
			isa = PBXGroup;
			children = (
				D378C9891E21915400888763 /* AppDelegate.swift */,
				D378C98B1E21915400888763 /* ViewController.swift */,
				D378C98D1E21915400888763 /* Main.storyboard */,
				D378C9901E21915400888763 /* Assets.xcassets */,
				D378C9921E21915400888763 /* LaunchScreen.storyboard */,
				D378C9951E21915400888763 /* Info.plist */,
			);
			path = SwiftKeyboardVisibility;
			sourceTree = "<group>";
		};
/* End PBXGroup section */

/* Begin PBXNativeTarget section */
		D378C9851E21915400888763 /* SwiftKeyboardVisibility */ = {
			isa = PBXNativeTarget;
			buildConfigurationList = D378C9981E21915400888763 /* Build configuration list for PBXNativeTarget "SwiftKeyboardVisibility" */;
			buildPhases = (
				D378C9821E21915400888763 /* Sources */,
				D378C9831E21915400888763 /* Frameworks */,
				D378C9841E21915400888763 /* Resources */,
			);
			buildRules = (
			);
			dependencies = (
			);
			name = SwiftKeyboardVisibility;
			productName = SwiftKeyboardVisibility;
			productReference = D378C9861E21915400888763 /* SwiftKeyboardVisibility.app */;
			productType = "com.apple.product-type.application";
		};
/* End PBXNativeTarget section */

/* Begin PBXProject section */
		D378C97E1E21915400888763 /* Project object */ = {
			isa = PBXProject;
			attributes = {
				LastSwiftUpdateCheck = 0810;
				LastUpgradeCheck = 0810;
				ORGANIZATIONNAME = Seimith;
				TargetAttributes = {
					D378C9851E21915400888763 = {
						CreatedOnToolsVersion = 8.1;
						ProvisioningStyle = Automatic;
					};
				};
			};
			buildConfigurationList = D378C9811E21915400888763 /* Build configuration list for PBXProject "SwiftKeyboardVisibility" */;
			compatibilityVersion = "Xcode 3.2";
			developmentRegion = English;
			hasScannedForEncodings = 0;
			knownRegions = (
				en,
				Base,
			);
			mainGroup = D378C97D1E21915400888763;
			productRefGroup = D378C9871E21915400888763 /* Products */;
			projectDirPath = "";
			projectRoot = "";
			targets = (
				D378C9851E21915400888763 /* SwiftKeyboardVisibility */,
			);
		};
/* End PBXProject section */

/* Begin PBXResourcesBuildPhase section */
		D378C9841E21915400888763 /* Resources */ = {
			isa = PBXResourcesBuildPhase;
			buildActionMask = 2147483647;
			files = (
				D378C9941E21915400888763 /* LaunchScreen.storyboard in Resources */,
				D378C9911E21915400888763 /* Assets.xcassets in Resources */,
				D378C98F1E21915400888763 /* Main.storyboard in Resources */,
			);
			runOnlyForDeploymentPostprocessing = 0;
		};
/* End PBXResourcesBuildPhase section */

/* Begin PBXSourcesBuildPhase section */
		D378C9821E21915400888763 /* Sources */ = {
			isa = PBXSourcesBuildPhase;
			buildActionMask = 2147483647;
			files = (
				D378C98C1E21915400888763 /* ViewController.swift in Sources */,
				D378C98A1E21915400888763 /* AppDelegate.swift in Sources */,
			);
			runOnlyForDeploymentPostprocessing = 0;
		};
/* End PBXSourcesBuildPhase section */

/* Begin PBXVariantGroup section */
		D378C98D1E21915400888763 /* Main.storyboard */ = {
			isa = PBXVariantGroup;
			children = (
				D378C98E1E21915400888763 /* Base */,
			);
			name = Main.storyboard;
			sourceTree = "<group>";
		};
		D378C9921E21915400888763 /* LaunchScreen.storyboard */ = {
			isa = PBXVariantGroup;
			children = (
				D378C9931E21915400888763 /* Base */,
			);
			name = LaunchScreen.storyboard;
			sourceTree = "<group>";
		};
/* End PBXVariantGroup section */

/* Begin XCBuildConfiguration section */
		D378C9961E21915400888763 /* Debug */ = {
			isa = XCBuildConfiguration;
			buildSettings = {
				ALWAYS_SEARCH_USER_PATHS = NO;
				CLANG_ANALYZER_NONNULL = YES;
				CLANG_CXX_LANGUAGE_STANDARD = "gnu++0x";
				CLANG_CXX_LIBRARY = "libc++";
				CLANG_ENABLE_MODULES = YES;
				CLANG_ENABLE_OBJC_ARC = YES;
				CLANG_WARN_BOOL_CONVERSION = YES;
				CLANG_WARN_CONSTANT_CONVERSION = YES;
				CLANG_WARN_DIRECT_OBJC_ISA_USAGE = YES_ERROR;
				CLANG_WARN_DOCUMENTATION_COMMENTS = YES;
				CLANG_WARN_EMPTY_BODY = YES;
				CLANG_WARN_ENUM_CONVERSION = YES;
				CLANG_WARN_INFINITE_RECURSION = YES;
				CLANG_WARN_INT_CONVERSION = YES;
				CLANG_WARN_OBJC_ROOT_CLASS = YES_ERROR;
				CLANG_WARN_SUSPICIOUS_MOVES = YES;
				CLANG_WARN_UNREACHABLE_CODE = YES;
				CLANG_WARN__DUPLICATE_METHOD_MATCH = YES;
				"CODE_SIGN_IDENTITY[sdk=iphoneos*]" = "iPhone Developer";
				COPY_PHASE_STRIP = NO;
				DEBUG_INFORMATION_FORMAT = dwarf;
				ENABLE_STRICT_OBJC_MSGSEND = YES;
				ENABLE_TESTABILITY = YES;
				GCC_C_LANGUAGE_STANDARD = gnu99;
				GCC_DYNAMIC_NO_PIC = NO;
				GCC_NO_COMMON_BLOCKS = YES;
				GCC_OPTIMIZATION_LEVEL = 0;
				GCC_PREPROCESSOR_DEFINITIONS = (
					"DEBUG=1",
					"$(inherited)",
				);
				GCC_WARN_64_TO_32_BIT_CONVERSION = YES;
				GCC_WARN_ABOUT_RETURN_TYPE = YES_ERROR;
				GCC_WARN_UNDECLARED_SELECTOR = YES;
				GCC_WARN_UNINITIALIZED_AUTOS = YES_AGGRESSIVE;
				GCC_WARN_UNUSED_FUNCTION = YES;
				GCC_WARN_UNUSED_VARIABLE = YES;
				IPHONEOS_DEPLOYMENT_TARGET = 10.1;
				MTL_ENABLE_DEBUG_INFO = YES;
				ONLY_ACTIVE_ARCH = YES;
				SDKROOT = iphoneos;
				SWIFT_ACTIVE_COMPILATION_CONDITIONS = DEBUG;
				SWIFT_OPTIMIZATION_LEVEL = "-Onone";
				TARGETED_DEVICE_FAMILY = "1,2";
			};
			name = Debug;
		};
		D378C9971E21915400888763 /* Release */ = {
			isa = XCBuildConfiguration;
			buildSettings = {
				ALWAYS_SEARCH_USER_PATHS = NO;
				CLANG_ANALYZER_NONNULL = YES;
				CLANG_CXX_LANGUAGE_STANDARD = "gnu++0x";
				CLANG_CXX_LIBRARY = "libc++";
				CLANG_ENABLE_MODULES = YES;
				CLANG_ENABLE_OBJC_ARC = YES;
				CLANG_WARN_BOOL_CONVERSION = YES;
				CLANG_WARN_CONSTANT_CONVERSION = YES;
				CLANG_WARN_DIRECT_OBJC_ISA_USAGE = YES_ERROR;
				CLANG_WARN_DOCUMENTATION_COMMENTS = YES;
				CLANG_WARN_EMPTY_BODY = YES;
				CLANG_WARN_ENUM_CONVERSION = YES;
				CLANG_WARN_INFINITE_RECURSION = YES;
				CLANG_WARN_INT_CONVERSION = YES;
				CLANG_WARN_OBJC_ROOT_CLASS = YES_ERROR;
				CLANG_WARN_SUSPICIOUS_MOVES = YES;
				CLANG_WARN_UNREACHABLE_CODE = YES;
				CLANG_WARN__DUPLICATE_METHOD_MATCH = YES;
				"CODE_SIGN_IDENTITY[sdk=iphoneos*]" = "iPhone Developer";
				COPY_PHASE_STRIP = NO;
				DEBUG_INFORMATION_FORMAT = "dwarf-with-dsym";
				ENABLE_NS_ASSERTIONS = NO;
				ENABLE_STRICT_OBJC_MSGSEND = YES;
				GCC_C_LANGUAGE_STANDARD = gnu99;
				GCC_NO_COMMON_BLOCKS = YES;
				GCC_WARN_64_TO_32_BIT_CONVERSION = YES;
				GCC_WARN_ABOUT_RETURN_TYPE = YES_ERROR;
				GCC_WARN_UNDECLARED_SELECTOR = YES;
				GCC_WARN_UNINITIALIZED_AUTOS = YES_AGGRESSIVE;
				GCC_WARN_UNUSED_FUNCTION = YES;
				GCC_WARN_UNUSED_VARIABLE = YES;
				IPHONEOS_DEPLOYMENT_TARGET = 10.1;
				MTL_ENABLE_DEBUG_INFO = NO;
				SDKROOT = iphoneos;
				SWIFT_OPTIMIZATION_LEVEL = "-Owholemodule";
				TARGETED_DEVICE_FAMILY = "1,2";
				VALIDATE_PRODUCT = YES;
			};
			name = Release;
		};
		D378C9991E21915400888763 /* Debug */ = {
			isa = XCBuildConfiguration;
			buildSettings = {
				ASSETCATALOG_COMPILER_APPICON_NAME = AppIcon;
				INFOPLIST_FILE = SwiftKeyboardVisibility/Info.plist;
				LD_RUNPATH_SEARCH_PATHS = "$(inherited) @executable_path/Frameworks";
				PRODUCT_BUNDLE_IDENTIFIER = com.seimith.SwiftKeyboardVisibility;
				PRODUCT_NAME = "$(TARGET_NAME)";
				SWIFT_VERSION = 3.0;
			};
			name = Debug;
		};
		D378C99A1E21915400888763 /* Release */ = {
			isa = XCBuildConfiguration;
			buildSettings = {
				ASSETCATALOG_COMPILER_APPICON_NAME = AppIcon;
				INFOPLIST_FILE = SwiftKeyboardVisibility/Info.plist;
				LD_RUNPATH_SEARCH_PATHS = "$(inherited) @executable_path/Frameworks";
				PRODUCT_BUNDLE_IDENTIFIER = com.seimith.SwiftKeyboardVisibility;
				PRODUCT_NAME = "$(TARGET_NAME)";
				SWIFT_VERSION = 3.0;
			};
			name = Release;
		};
/* End XCBuildConfiguration section */

/* Begin XCConfigurationList section */
		D378C9811E21915400888763 /* Build configuration list for PBXProject "SwiftKeyboardVisibility" */ = {
			isa = XCConfigurationList;
			buildConfigurations = (
				D378C9961E21915400888763 /* Debug */,
				D378C9971E21915400888763 /* Release */,
			);
			defaultConfigurationIsVisible = 0;
			defaultConfigurationName = Release;
		};
		D378C9981E21915400888763 /* Build configuration list for PBXNativeTarget "SwiftKeyboardVisibility" */ = {
			isa = XCConfigurationList;
			buildConfigurations = (
				D378C9991E21915400888763 /* Debug */,
				D378C99A1E21915400888763 /* Release */,
			);
			defaultConfigurationIsVisible = 0;
		};
/* End XCConfigurationList section */
	};
	rootObject = D378C97E1E21915400888763 /* Project object */;
}
